Microsoft Visual Studio Solution File, Format Version 11.00
# Visual Studio 2008

Project("{FBDC42B4-BCD6-4CCB-6582-051C1C344646}") = "TowerDef4-utanRull -3", "Assembly-CSharp-firstpass-vs.csproj", "{83F85FBB-7569-6023-15FF-E40CC11A3D02}"
EndProject
Project("{FBDC42B4-BCD6-4CCB-6582-051C1C344646}") = "TowerDef4-utanRull -3", "Assembly-CSharp-vs.csproj", "{9484231C-120C-D239-91AD-2A5D28976070}"
EndProject
Project("{FBDC42B4-BCD6-4CCB-6582-051C1C344646}") = "TowerDef4-utanRull -3", "Assembly-CSharp-Editor-vs.csproj", "{0B4D75E5-80B3-53B2-0957-2FD4C2433CA2}"
EndProject
Global
	GlobalSection(SolutionConfigurationPlatforms) = preSolution
		Debug|Any CPU = Debug|Any CPU
		Release|Any CPU = Release|Any CPU
	EndGlobalSection
	GlobalSection(ProjectConfigurationPlatforms) = postSolution
		{83F85FBB-7569-6023-15FF-E40CC11A3D02}.Debug|Any CPU.ActiveCfg = Debug|Any CPU
		{83F85FBB-7569-6023-15FF-E40CC11A3D02}.Debug|Any CPU.Build.0 = Debug|Any CPU
		{83F85FBB-7569-6023-15FF-E40CC11A3D02}.Release|Any CPU.ActiveCfg = Release|Any CPU
		{83F85FBB-7569-6023-15FF-E40CC11A3D02}.Release|Any CPU.Build.0 = Release|Any CPU
		{9484231C-120C-D239-91AD-2A5D28976070}.Debug|Any CPU.ActiveCfg = Debug|Any CPU
		{9484231C-120C-D239-91AD-2A5D28976070}.Debug|Any CPU.Build.0 = Debug|Any CPU
		{9484231C-120C-D239-91AD-2A5D28976070}.Release|Any CPU.ActiveCfg = Release|Any CPU
		{9484231C-120C-D239-91AD-2A5D28976070}.Release|Any CPU.Build.0 = Release|Any CPU
		{0B4D75E5-80B3-53B2-0957-2FD4C2433CA2}.Debug|Any CPU.ActiveCfg = Debug|Any CPU
		{0B4D75E5-80B3-53B2-0957-2FD4C2433CA2}.Debug|Any CPU.Build.0 = Debug|Any CPU
		{0B4D75E5-80B3-53B2-0957-2FD4C2433CA2}.Release|Any CPU.ActiveCfg = Release|Any CPU
		{0B4D75E5-80B3-53B2-0957-2FD4C2433CA2}.Release|Any CPU.Build.0 = Release|Any CPU
	EndGlobalSection
	GlobalSection(SolutionProperties) = preSolution
		HideSolutionNode = FALSE
	EndGlobalSection
					GlobalSection(MonoDevelopProperties) = preSolution
		StartupItem = Assembly-CSharp.csproj
		Policies = $0
		$0.TextStylePolicy = $1
		$1.inheritsSet = null
		$1.scope = text/x-csharp
		$0.CSharpFormattingPolicy = $2
		$2.inheritsSet = Mono
		$2.inheritsScope = text/x-csharp
		$2.scope = text/x-csharp
		$0.TextStylePolicy = $3
		$3.FileWidth = 120
		$3.TabWidth = 4
		$3.EolMarker = Unix
		$3.inheritsSet = Mono
		$3.inheritsScope = text/plain
		$3.scope = text/plain
	EndGlobalSection

EndGlobal
